Microsoft Visual Studio Solution File, Format Version 9.00
# Visual Studio 2005
Project("{FAE04EC0-301F-11D3-BF4B-00C04F79EFBC}") = "DXExample.Module", "DXExample.Module\DXExample.Module.csproj", "{F5CE5A5E-A40D-43AD-B0FE-731738ED528B}"
EndProject
Project("{FAE04EC0-301F-11D3-BF4B-00C04F79EFBC}") = "DXExample.Module.Web", "DXExample.Module.Web\DXExample.Module.Web.csproj", "{DFA18088-6B44-46F2-9C7A-0C552A72B761}"
EndProject
Project("{00000000-0000-0000-0000-000000000000}") = "DXExample.Web", "DXExample.Web\DXExample.Web.csproj", "{50AD0AF1-CEEA-448B-9855-54E32AF6CDDC}"
EndProject
Project("{FAE04EC0-301F-11D3-BF4B-00C04F79EFBC}") = "DXExample.Module.Win", "DXExample.Module.Win\DXExample.Module.Win.csproj", "{156D07F0-C419-4A8E-BEAF-3D2AD85E6321}"
EndProject
Project("{FAE04EC0-301F-11D3-BF4B-00C04F79EFBC}") = "DXExample.Win", "DXExample.Win\DXExample.Win.csproj", "{309C1C0D-3373-44D5-8487-2ADFA1F9B588}"
EndProject
Global
	GlobalSection(SolutionConfigurationPlatforms) = preSolution
		Debug|Any CPU = Debug|Any CPU
		Release|Any CPU = Release|Any CPU
	EndGlobalSection
	GlobalSection(ProjectConfigurationPlatforms) = postSolution
		{F5CE5A5E-A40D-43AD-B0FE-731738ED528B}.Debug|Any CPU.ActiveCfg = Debug|Any CPU
		{F5CE5A5E-A40D-43AD-B0FE-731738ED528B}.Debug|Any CPU.Build.0 = Debug|Any CPU
		{F5CE5A5E-A40D-43AD-B0FE-731738ED528B}.Release|Any CPU.ActiveCfg = Release|Any CPU
		{F5CE5A5E-A40D-43AD-B0FE-731738ED528B}.Release|Any CPU.Build.0 = Release|Any CPU
		{DFA18088-6B44-46F2-9C7A-0C552A72B761}.Debug|Any CPU.ActiveCfg = Debug|Any CPU
		{DFA18088-6B44-46F2-9C7A-0C552A72B761}.Debug|Any CPU.Build.0 = Debug|Any CPU
		{DFA18088-6B44-46F2-9C7A-0C552A72B761}.Release|Any CPU.ActiveCfg = Release|Any CPU
		{DFA18088-6B44-46F2-9C7A-0C552A72B761}.Release|Any CPU.Build.0 = Release|Any CPU
		{50AD0AF1-CEEA-448B-9855-54E32AF6CDDC}.Debug|Any CPU.ActiveCfg = Debug|Any CPU
		{50AD0AF1-CEEA-448B-9855-54E32AF6CDDC}.Debug|Any CPU.Build.0 = Debug|Any CPU
		{50AD0AF1-CEEA-448B-9855-54E32AF6CDDC}.Release|Any CPU.ActiveCfg = Release|Any CPU
		{50AD0AF1-CEEA-448B-9855-54E32AF6CDDC}.Release|Any CPU.Build.0 = Release|Any CPU
		{156D07F0-C419-4A8E-BEAF-3D2AD85E6321}.Debug|Any CPU.ActiveCfg = Debug|Any CPU
		{156D07F0-C419-4A8E-BEAF-3D2AD85E6321}.Debug|Any CPU.Build.0 = Debug|Any CPU
		{156D07F0-C419-4A8E-BEAF-3D2AD85E6321}.Release|Any CPU.ActiveCfg = Release|Any CPU
		{156D07F0-C419-4A8E-BEAF-3D2AD85E6321}.Release|Any CPU.Build.0 = Release|Any CPU
		{309C1C0D-3373-44D5-8487-2ADFA1F9B588}.Debug|Any CPU.ActiveCfg = Debug|Any CPU
		{309C1C0D-3373-44D5-8487-2ADFA1F9B588}.Debug|Any CPU.Build.0 = Debug|Any CPU
		{309C1C0D-3373-44D5-8487-2ADFA1F9B588}.Release|Any CPU.ActiveCfg = Release|Any CPU
		{309C1C0D-3373-44D5-8487-2ADFA1F9B588}.Release|Any CPU.Build.0 = Release|Any CPU
	EndGlobalSection
	GlobalSection(SolutionProperties) = preSolution
		HideSolutionNode = FALSE
	EndGlobalSection
EndGlobal
